
Microsoft Visual Studio Solution File, Format Version 12.00
# Visual Studio Version 16
VisualStudioVersion = 16.0.31515.178
MinimumVisualStudioVersion = 10.0.40219.1
Project("{9A19103F-16F7-4668-BE54-9A1E7A4F7556}") = "Api", "Api.csproj", "{D2D407F3-038D-4F3A-884C-73BBE11566DA}"
EndProject
Global
	GlobalSection(SolutionConfigurationPlatforms) = preSolution
		Debug|Any CPU = Debug|Any CPU
		Release|Any CPU = Release|Any CPU
	EndGlobalSection
	GlobalSection(ProjectConfigurationPlatforms) = postSolution
		{D2D407F3-038D-4F3A-884C-73BBE11566DA}.Debug|Any CPU.ActiveCfg = Debug|Any CPU
		{D2D407F3-038D-4F3A-884C-73BBE11566DA}.Debug|Any CPU.Build.0 = Debug|Any CPU
		{D2D407F3-038D-4F3A-884C-73BBE11566DA}.Release|Any CPU.ActiveCfg = Release|Any CPU
		{D2D407F3-038D-4F3A-884C-73BBE11566DA}.Release|Any CPU.Build.0 = Release|Any CPU
	EndGlobalSection
	GlobalSection(SolutionProperties) = preSolution
		HideSolutionNode = FALSE
	EndGlobalSection
	GlobalSection(ExtensibilityGlobals) = postSolution
		SolutionGuid = {29C99AFC-4673-4FD8-9E2A-83D64AFD4797}
	EndGlobalSection
EndGlobal
